
Microsoft Visual Studio Solution File, Format Version 12.00
# Visual Studio Version 17
VisualStudioVersion = 17.2.32526.322
MinimumVisualStudioVersion = 10.0.40219.1
Project("{FAE04EC0-301F-11D3-BF4B-00C04F79EFBC}") = "Personal Information Class", "Personal Information Class\Personal Information Class.csproj", "{9C2663C6-0857-4EE6-BFAD-9F1114C46C7E}"
EndProject
Global
	GlobalSection(SolutionConfigurationPlatforms) = preSolution
		Debug|Any CPU = Debug|Any CPU
		Release|Any CPU = Release|Any CPU
	EndGlobalSection
	GlobalSection(ProjectConfigurationPlatforms) = postSolution
		{9C2663C6-0857-4EE6-BFAD-9F1114C46C7E}.Debug|Any CPU.ActiveCfg = Debug|Any CPU
		{9C2663C6-0857-4EE6-BFAD-9F1114C46C7E}.Debug|Any CPU.Build.0 = Debug|Any CPU
		{9C2663C6-0857-4EE6-BFAD-9F1114C46C7E}.Release|Any CPU.ActiveCfg = Release|Any CPU
		{9C2663C6-0857-4EE6-BFAD-9F1114C46C7E}.Release|Any CPU.Build.0 = Release|Any CPU
	EndGlobalSection
	GlobalSection(SolutionProperties) = preSolution
		HideSolutionNode = FALSE
	EndGlobalSection
	GlobalSection(ExtensibilityGlobals) = postSolution
		SolutionGuid = {2274B9A4-FD28-4AE0-A2C4-0B420D9C0A01}
	EndGlobalSection
EndGlobal
